
Microsoft Visual Studio Solution File, Format Version 12.00
# Visual Studio Version 17
VisualStudioVersion = 17.11.35327.3
MinimumVisualStudioVersion = 10.0.40219.1
Project("{9A19103F-16F7-4668-BE54-9A1E7A4F7556}") = "WebApplication12", "WebApplication12\WebApplication12.csproj", "{FA743CB0-A1FB-409C-9239-A35C924DF17B}"
EndProject
Global
	GlobalSection(SolutionConfigurationPlatforms) = preSolution
		Debug|Any CPU = Debug|Any CPU
		Release|Any CPU = Release|Any CPU
	EndGlobalSection
	GlobalSection(ProjectConfigurationPlatforms) = postSolution
		{FA743CB0-A1FB-409C-9239-A35C924DF17B}.Debug|Any CPU.ActiveCfg = Debug|Any CPU
		{FA743CB0-A1FB-409C-9239-A35C924DF17B}.Debug|Any CPU.Build.0 = Debug|Any CPU
		{FA743CB0-A1FB-409C-9239-A35C924DF17B}.Release|Any CPU.ActiveCfg = Release|Any CPU
		{FA743CB0-A1FB-409C-9239-A35C924DF17B}.Release|Any CPU.Build.0 = Release|Any CPU
	EndGlobalSection
	GlobalSection(SolutionProperties) = preSolution
		HideSolutionNode = FALSE
	EndGlobalSection
	GlobalSection(ExtensibilityGlobals) = postSolution
		SolutionGuid = {8A606958-3C88-411A-BB21-28479F13D3E4}
	EndGlobalSection
EndGlobal
